// !$*UTF8*$!
{
	archiveVersion = 1;
	classes = {
	};
	objectVersion = 50;
	objects = {

/* Begin PBXBuildFile section */
		CA6F72B620975D2B00D08036 /* AppDelegate.swift in Sources */ = {isa = PBXBuildFile; fileRef = CA6F72B520975D2B00D08036 /* AppDelegate.swift */; };
		CA6F72B820975D2B00D08036 /* MapViewController.swift in Sources */ = {isa = PBXBuildFile; fileRef = CA6F72B720975D2B00D08036 /* MapViewController.swift */; };
		CA6F72BB20975D2B00D08036 /* Main.storyboard in Resources */ = {isa = PBXBuildFile; fileRef = CA6F72B920975D2B00D08036 /* Main.storyboard */; };
		CA6F72BD20975D2D00D08036 /* Assets.xcassets in Resources */ = {isa = PBXBuildFile; fileRef = CA6F72BC20975D2D00D08036 /* Assets.xcassets */; };
		CA6F72C020975D2D00D08036 /* LaunchScreen.storyboard in Resources */ = {isa = PBXBuildFile; fileRef = CA6F72BE20975D2D00D08036 /* LaunchScreen.storyboard */; };
		CA6F72CB20975D2D00D08036 /* VirtualTouristTests.swift in Sources */ = {isa = PBXBuildFile; fileRef = CA6F72CA20975D2D00D08036 /* VirtualTouristTests.swift */; };
		CA6F72D620975D2D00D08036 /* VirtualTouristUITests.swift in Sources */ = {isa = PBXBuildFile; fileRef = CA6F72D520975D2D00D08036 /* VirtualTouristUITests.swift */; };
		CACC99F1209DF0D600BFFA26 /* DataController.swift in Sources */ = {isa = PBXBuildFile; fileRef = CACC99F0209DF0D600BFFA26 /* DataController.swift */; };
		CACC99F7209F0AEB00BFFA26 /* MapViewModel.swift in Sources */ = {isa = PBXBuildFile; fileRef = CACC99F6209F0AEB00BFFA26 /* MapViewModel.swift */; };
		CACC99FB209F336400BFFA26 /* Locations.xcdatamodeld in Sources */ = {isa = PBXBuildFile; fileRef = CACC99F8209F322600BFFA26 /* Locations.xcdatamodeld */; };
		CAFB8A1320A07780006C4C13 /* PhotoGalleryViewController.swift in Sources */ = {isa = PBXBuildFile; fileRef = CAFB8A1220A07780006C4C13 /* PhotoGalleryViewController.swift */; };
		CAFB8A1520A08506006C4C13 /* PhotoGalleryViewModel.swift in Sources */ = {isa = PBXBuildFile; fileRef = CAFB8A1420A08506006C4C13 /* PhotoGalleryViewModel.swift */; };
/* End PBXBuildFile section */

/* Begin PBXContainerItemProxy section */
		CA6F72C720975D2D00D08036 /* PBXContainerItemProxy */ = {
			isa = PBXContainerItemProxy;
			containerPortal = CA6F72AA20975D2B00D08036 /* Project object */;
			proxyType = 1;
			remoteGlobalIDString = CA6F72B120975D2B00D08036;
			remoteInfo = VirtualTourist;
		};
		CA6F72D220975D2D00D08036 /* PBXContainerItemProxy */ = {
			isa = PBXContainerItemProxy;
			containerPortal = CA6F72AA20975D2B00D08036 /* Project object */;
			proxyType = 1;
			remoteGlobalIDString = CA6F72B120975D2B00D08036;
			remoteInfo = VirtualTourist;
		};
/* End PBXContainerItemProxy section */

/* Begin PBXFileReference section */
		CA6F72B220975D2B00D08036 /* VirtualTourist.app */ = {isa = PBXFileReference; explicitFileType = wrapper.application; includeInIndex = 0; path = VirtualTourist.app; sourceTree = BUILT_PRODUCTS_DIR; };
		CA6F72B520975D2B00D08036 /* AppDelegate.swift */ = {isa = PBXFileReference; lastKnownFileType = sourcecode.swift; path = AppDelegate.swift; sourceTree = "<group>"; };
		CA6F72B720975D2B00D08036 /* MapViewController.swift */ = {isa = PBXFileReference; lastKnownFileType = sourcecode.swift; path = MapViewController.swift; sourceTree = "<group>"; };
		CA6F72BA20975D2B00D08036 /* Base */ = {isa = PBXFileReference; lastKnownFileType = file.storyboard; name = Base; path = Base.lproj/Main.storyboard; sourceTree = "<group>"; };
		CA6F72BC20975D2D00D08036 /* Assets.xcassets */ = {isa = PBXFileReference; lastKnownFileType = folder.assetcatalog; path = Assets.xcassets; sourceTree = "<group>"; };
		CA6F72BF20975D2D00D08036 /* Base */ = {isa = PBXFileReference; lastKnownFileType = file.storyboard; name = Base; path = Base.lproj/LaunchScreen.storyboard; sourceTree = "<group>"; };
		CA6F72C120975D2D00D08036 /* Info.plist */ = {isa = PBXFileReference; lastKnownFileType = text.plist.xml; path = Info.plist; sourceTree = "<group>"; };
		CA6F72C620975D2D00D08036 /* VirtualTouristTests.xctest */ = {isa = PBXFileReference; explicitFileType = wrapper.cfbundle; includeInIndex = 0; path = VirtualTouristTests.xctest; sourceTree = BUILT_PRODUCTS_DIR; };
		CA6F72CA20975D2D00D08036 /* VirtualTouristTests.swift */ = {isa = PBXFileReference; lastKnownFileType = sourcecode.swift; path = VirtualTouristTests.swift; sourceTree = "<group>"; };
		CA6F72CC20975D2D00D08036 /* Info.plist */ = {isa = PBXFileReference; lastKnownFileType = text.plist.xml; path = Info.plist; sourceTree = "<group>"; };
		CA6F72D120975D2D00D08036 /* VirtualTouristUITests.xctest */ = {isa = PBXFileReference; explicitFileType = wrapper.cfbundle; includeInIndex = 0; path = VirtualTouristUITests.xctest; sourceTree = BUILT_PRODUCTS_DIR; };
		CA6F72D520975D2D00D08036 /* VirtualTouristUITests.swift */ = {isa = PBXFileReference; lastKnownFileType = sourcecode.swift; path = VirtualTouristUITests.swift; sourceTree = "<group>"; };
		CA6F72D720975D2D00D08036 /* Info.plist */ = {isa = PBXFileReference; lastKnownFileType = text.plist.xml; path = Info.plist; sourceTree = "<group>"; };
		CACC99F0209DF0D600BFFA26 /* DataController.swift */ = {isa = PBXFileReference; lastKnownFileType = sourcecode.swift; path = DataController.swift; sourceTree = "<group>"; };
		CACC99F6209F0AEB00BFFA26 /* MapViewModel.swift */ = {isa = PBXFileReference; lastKnownFileType = sourcecode.swift; path = MapViewModel.swift; sourceTree = "<group>"; };
		CACC99F9209F322600BFFA26 /* Locations.xcdatamodel */ = {isa = PBXFileReference; lastKnownFileType = wrapper.xcdatamodel; path = Locations.xcdatamodel; sourceTree = "<group>"; };
		CAFB8A1220A07780006C4C13 /* PhotoGalleryViewController.swift */ = {isa = PBXFileReference; lastKnownFileType = sourcecode.swift; path = PhotoGalleryViewController.swift; sourceTree = "<group>"; };
		CAFB8A1420A08506006C4C13 /* PhotoGalleryViewModel.swift */ = {isa = PBXFileReference; lastKnownFileType = sourcecode.swift; path = PhotoGalleryViewModel.swift; sourceTree = "<group>"; };
/* End PBXFileReference section */

/* Begin PBXFrameworksBuildPhase section */
		CA6F72AF20975D2B00D08036 /* Frameworks */ = {
			isa = PBXFrameworksBuildPhase;
			buildActionMask = 2147483647;
			files = (
			);
			runOnlyForDeploymentPostprocessing = 0;
		};
		CA6F72C320975D2D00D08036 /* Frameworks */ = {
			isa = PBXFrameworksBuildPhase;
			buildActionMask = 2147483647;
			files = (
			);
			runOnlyForDeploymentPostprocessing = 0;
		};
		CA6F72CE20975D2D00D08036 /* Frameworks */ = {
			isa = PBXFrameworksBuildPhase;
			buildActionMask = 2147483647;
			files = (
			);
			runOnlyForDeploymentPostprocessing = 0;
		};
/* End PBXFrameworksBuildPhase section */

/* Begin PBXGroup section */
		CA6F72A920975D2B00D08036 = {
			isa = PBXGroup;
			children = (
				CA6F72B420975D2B00D08036 /* VirtualTourist */,
				CA6F72C920975D2D00D08036 /* VirtualTouristTests */,
				CA6F72D420975D2D00D08036 /* VirtualTouristUITests */,
				CA6F72B320975D2B00D08036 /* Products */,
			);
			sourceTree = "<group>";
		};
		CA6F72B320975D2B00D08036 /* Products */ = {
			isa = PBXGroup;
			children = (
				CA6F72B220975D2B00D08036 /* VirtualTourist.app */,
				CA6F72C620975D2D00D08036 /* VirtualTouristTests.xctest */,
				CA6F72D120975D2D00D08036 /* VirtualTouristUITests.xctest */,
			);
			name = Products;
			sourceTree = "<group>";
		};
		CA6F72B420975D2B00D08036 /* VirtualTourist */ = {
			isa = PBXGroup;
			children = (
				CA7FFD97209C930B001D3759 /* Support */,
				CA7FFD96209C92FB001D3759 /* Model */,
				CA7FFD95209C92F0001D3759 /* View */,
				CA7FFD94209C92D9001D3759 /* ViewModel */,
				CA6F72C120975D2D00D08036 /* Info.plist */,
			);
			path = VirtualTourist;
			sourceTree = "<group>";
		};
		CA6F72C920975D2D00D08036 /* VirtualTouristTests */ = {
			isa = PBXGroup;
			children = (
				CA6F72CA20975D2D00D08036 /* VirtualTouristTests.swift */,
				CA6F72CC20975D2D00D08036 /* Info.plist */,
			);
			path = VirtualTouristTests;
			sourceTree = "<group>";
		};
		CA6F72D420975D2D00D08036 /* VirtualTouristUITests */ = {
			isa = PBXGroup;
			children = (
				CA6F72D520975D2D00D08036 /* VirtualTouristUITests.swift */,
				CA6F72D720975D2D00D08036 /* Info.plist */,
			);
			path = VirtualTouristUITests;
			sourceTree = "<group>";
		};
		CA7FFD94209C92D9001D3759 /* ViewModel */ = {
			isa = PBXGroup;
			children = (
				CACC99F6209F0AEB00BFFA26 /* MapViewModel.swift */,
				CAFB8A1420A08506006C4C13 /* PhotoGalleryViewModel.swift */,
			);
			path = ViewModel;
			sourceTree = "<group>";
		};
		CA7FFD95209C92F0001D3759 /* View */ = {
			isa = PBXGroup;
			children = (
				CA6F72B720975D2B00D08036 /* MapViewController.swift */,
				CAFB8A1220A07780006C4C13 /* PhotoGalleryViewController.swift */,
			);
			path = View;
			sourceTree = "<group>";
		};
		CA7FFD96209C92FB001D3759 /* Model */ = {
			isa = PBXGroup;
			children = (
				CACC99F0209DF0D600BFFA26 /* DataController.swift */,
				CACC99F8209F322600BFFA26 /* Locations.xcdatamodeld */,
			);
			path = Model;
			sourceTree = "<group>";
		};
		CA7FFD97209C930B001D3759 /* Support */ = {
			isa = PBXGroup;
			children = (
				CA6F72B520975D2B00D08036 /* AppDelegate.swift */,
				CA6F72B920975D2B00D08036 /* Main.storyboard */,
				CA6F72BE20975D2D00D08036 /* LaunchScreen.storyboard */,
				CA6F72BC20975D2D00D08036 /* Assets.xcassets */,
			);
			path = Support;
			sourceTree = "<group>";
		};
/* End PBXGroup section */

/* Begin PBXNativeTarget section */
		CA6F72B120975D2B00D08036 /* VirtualTourist */ = {
			isa = PBXNativeTarget;
			buildConfigurationList = CA6F72DA20975D2D00D08036 /* Build configuration list for PBXNativeTarget "VirtualTourist" */;
			buildPhases = (
				CA6F72AE20975D2B00D08036 /* Sources */,
				CA6F72AF20975D2B00D08036 /* Frameworks */,
				CA6F72B020975D2B00D08036 /* Resources */,
			);
			buildRules = (
			);
			dependencies = (
			);
			name = VirtualTourist;
			productName = VirtualTourist;
			productReference = CA6F72B220975D2B00D08036 /* VirtualTourist.app */;
			productType = "com.apple.product-type.application";
		};
		CA6F72C520975D2D00D08036 /* VirtualTouristTests */ = {
			isa = PBXNativeTarget;
			buildConfigurationList = CA6F72DD20975D2D00D08036 /* Build configuration list for PBXNativeTarget "VirtualTouristTests" */;
			buildPhases = (
				CA6F72C220975D2D00D08036 /* Sources */,
				CA6F72C320975D2D00D08036 /* Frameworks */,
				CA6F72C420975D2D00D08036 /* Resources */,
			);
			buildRules = (
			);
			dependencies = (
				CA6F72C820975D2D00D08036 /* PBXTargetDependency */,
			);
			name = VirtualTouristTests;
			productName = VirtualTouristTests;
			productReference = CA6F72C620975D2D00D08036 /* VirtualTouristTests.xctest */;
			productType = "com.apple.product-type.bundle.unit-test";
		};
		CA6F72D020975D2D00D08036 /* VirtualTouristUITests */ = {
			isa = PBXNativeTarget;
			buildConfigurationList = CA6F72E020975D2D00D08036 /* Build configuration list for PBXNativeTarget "VirtualTouristUITests" */;
			buildPhases = (
				CA6F72CD20975D2D00D08036 /* Sources */,
				CA6F72CE20975D2D00D08036 /* Frameworks */,
				CA6F72CF20975D2D00D08036 /* Resources */,
			);
			buildRules = (
			);
			dependencies = (
				CA6F72D320975D2D00D08036 /* PBXTargetDependency */,
			);
			name = VirtualTouristUITests;
			productName = VirtualTouristUITests;
			productReference = CA6F72D120975D2D00D08036 /* VirtualTouristUITests.xctest */;
			productType = "com.apple.product-type.bundle.ui-testing";
		};
/* End PBXNativeTarget section */

/* Begin PBXProject section */
		CA6F72AA20975D2B00D08036 /* Project object */ = {
			isa = PBXProject;
			attributes = {
				LastSwiftUpdateCheck = 0930;
				LastUpgradeCheck = 0930;
				ORGANIZATIONNAME = "Simone Barbara";
				TargetAttributes = {
					CA6F72B120975D2B00D08036 = {
						CreatedOnToolsVersion = 9.3;
					};
					CA6F72C520975D2D00D08036 = {
						CreatedOnToolsVersion = 9.3;
						TestTargetID = CA6F72B120975D2B00D08036;
					};
					CA6F72D020975D2D00D08036 = {
						CreatedOnToolsVersion = 9.3;
						TestTargetID = CA6F72B120975D2B00D08036;
					};
				};
			};
			buildConfigurationList = CA6F72AD20975D2B00D08036 /* Build configuration list for PBXProject "VirtualTourist" */;
			compatibilityVersion = "Xcode 9.3";
			developmentRegion = en;
			hasScannedForEncodings = 0;
			knownRegions = (
				en,
				Base,
			);
			mainGroup = CA6F72A920975D2B00D08036;
			productRefGroup = CA6F72B320975D2B00D08036 /* Products */;
			projectDirPath = "";
			projectRoot = "";
			targets = (
				CA6F72B120975D2B00D08036 /* VirtualTourist */,
				CA6F72C520975D2D00D08036 /* VirtualTouristTests */,
				CA6F72D020975D2D00D08036 /* VirtualTouristUITests */,
			);
		};
/* End PBXProject section */

/* Begin PBXResourcesBuildPhase section */
		CA6F72B020975D2B00D08036 /* Resources */ = {
			isa = PBXResourcesBuildPhase;
			buildActionMask = 2147483647;
			files = (
				CA6F72C020975D2D00D08036 /* LaunchScreen.storyboard in Resources */,
				CA6F72BD20975D2D00D08036 /* Assets.xcassets in Resources */,
				CA6F72BB20975D2B00D08036 /* Main.storyboard in Resources */,
			);
			runOnlyForDeploymentPostprocessing = 0;
		};
		CA6F72C420975D2D00D08036 /* Resources */ = {
			isa = PBXResourcesBuildPhase;
			buildActionMask = 2147483647;
			files = (
			);
			runOnlyForDeploymentPostprocessing = 0;
		};
		CA6F72CF20975D2D00D08036 /* Resources */ = {
			isa = PBXResourcesBuildPhase;
			buildActionMask = 2147483647;
			files = (
			);
			runOnlyForDeploymentPostprocessing = 0;
		};
/* End PBXResourcesBuildPhase section */

/* Begin PBXSourcesBuildPhase section */
		CA6F72AE20975D2B00D08036 /* Sources */ = {
			isa = PBXSourcesBuildPhase;
			buildActionMask = 2147483647;
			files = (
				CA6F72B820975D2B00D08036 /* MapViewController.swift in Sources */,
				CAFB8A1520A08506006C4C13 /* PhotoGalleryViewModel.swift in Sources */,
				CACC99F7209F0AEB00BFFA26 /* MapViewModel.swift in Sources */,
				CACC99FB209F336400BFFA26 /* Locations.xcdatamodeld in Sources */,
				CACC99F1209DF0D600BFFA26 /* DataController.swift in Sources */,
				CAFB8A1320A07780006C4C13 /* PhotoGalleryViewController.swift in Sources */,
				CA6F72B620975D2B00D08036 /* AppDelegate.swift in Sources */,
			);
			runOnlyForDeploymentPostprocessing = 0;
		};
		CA6F72C220975D2D00D08036 /* Sources */ = {
			isa = PBXSourcesBuildPhase;
			buildActionMask = 2147483647;
			files = (
				CA6F72CB20975D2D00D08036 /* VirtualTouristTests.swift in Sources */,
			);
			runOnlyForDeploymentPostprocessing = 0;
		};
		CA6F72CD20975D2D00D08036 /* Sources */ = {
			isa = PBXSourcesBuildPhase;
			buildActionMask = 2147483647;
			files = (
				CA6F72D620975D2D00D08036 /* VirtualTouristUITests.swift in Sources */,
			);
			runOnlyForDeploymentPostprocessing = 0;
		};
/* End PBXSourcesBuildPhase section */

/* Begin PBXTargetDependency section */
		CA6F72C820975D2D00D08036 /* PBXTargetDependency */ = {
			isa = PBXTargetDependency;
			target = CA6F72B120975D2B00D08036 /* VirtualTourist */;
			targetProxy = CA6F72C720975D2D00D08036 /* PBXContainerItemProxy */;
		};
		CA6F72D320975D2D00D08036 /* PBXTargetDependency */ = {
			isa = PBXTargetDependency;
			target = CA6F72B120975D2B00D08036 /* VirtualTourist */;
			targetProxy = CA6F72D220975D2D00D08036 /* PBXContainerItemProxy */;
		};
/* End PBXTargetDependency section */

/* Begin PBXVariantGroup section */
		CA6F72B920975D2B00D08036 /* Main.storyboard */ = {
			isa = PBXVariantGroup;
			children = (
				CA6F72BA20975D2B00D08036 /* Base */,
			);
			name = Main.storyboard;
			sourceTree = "<group>";
		};
		CA6F72BE20975D2D00D08036 /* LaunchScreen.storyboard */ = {
			isa = PBXVariantGroup;
			children = (
				CA6F72BF20975D2D00D08036 /* Base */,
			);
			name = LaunchScreen.storyboard;
			sourceTree = "<group>";
		};
/* End PBXVariantGroup section */

/* Begin XCBuildConfiguration section */
		CA6F72D820975D2D00D08036 /* Debug */ = {
			isa = XCBuildConfiguration;
			buildSettings = {
				ALWAYS_SEARCH_USER_PATHS = NO;
				CLANG_ANALYZER_NONNULL = YES;
				CLANG_ANALYZER_NUMBER_OBJECT_CONVERSION = YES_AGGRESSIVE;
				CLANG_CXX_LANGUAGE_STANDARD = "gnu++14";
				CLANG_CXX_LIBRARY = "libc++";
				CLANG_ENABLE_MODULES = YES;
				CLANG_ENABLE_OBJC_ARC = YES;
				CLANG_ENABLE_OBJC_WEAK = YES;
				CLANG_WARN_BLOCK_CAPTURE_AUTORELEASING = YES;
				CLANG_WARN_BOOL_CONVERSION = YES;
				CLANG_WARN_COMMA = YES;
				CLANG_WARN_CONSTANT_CONVERSION = YES;
				CLANG_WARN_DEPRECATED_OBJC_IMPLEMENTATIONS = YES;
				CLANG_WARN_DIRECT_OBJC_ISA_USAGE = YES_ERROR;
				CLANG_WARN_DOCUMENTATION_COMMENTS = YES;
				CLANG_WARN_EMPTY_BODY = YES;
				CLANG_WARN_ENUM_CONVERSION = YES;
				CLANG_WARN_INFINITE_RECURSION = YES;
				CLANG_WARN_INT_CONVERSION = YES;
				CLANG_WARN_NON_LITERAL_NULL_CONVERSION = YES;
				CLANG_WARN_OBJC_IMPLICIT_RETAIN_SELF = YES;
				CLANG_WARN_OBJC_LITERAL_CONVERSION = YES;
				CLANG_WARN_OBJC_ROOT_CLASS = YES_ERROR;
				CLANG_WARN_RANGE_LOOP_ANALYSIS = YES;
				CLANG_WARN_STRICT_PROTOTYPES = YES;
				CLANG_WARN_SUSPICIOUS_MOVE = YES;
				CLANG_WARN_UNGUARDED_AVAILABILITY = YES_AGGRESSIVE;
				CLANG_WARN_UNREACHABLE_CODE = YES;
				CLANG_WARN__DUPLICATE_METHOD_MATCH = YES;
				CODE_SIGN_IDENTITY = "iPhone Developer";
				COPY_PHASE_STRIP = NO;
				DEBUG_INFORMATION_FORMAT = dwarf;
				ENABLE_STRICT_OBJC_MSGSEND = YES;
				ENABLE_TESTABILITY = YES;
				GCC_C_LANGUAGE_STANDARD = gnu11;
				GCC_DYNAMIC_NO_PIC = NO;
				GCC_NO_COMMON_BLOCKS = YES;
				GCC_OPTIMIZATION_LEVEL = 0;
				GCC_PREPROCESSOR_DEFINITIONS = (
					"DEBUG=1",
					"$(inherited)",
				);
				GCC_WARN_64_TO_32_BIT_CONVERSION = YES;
				GCC_WARN_ABOUT_RETURN_TYPE = YES_ERROR;
				GCC_WARN_UNDECLARED_SELECTOR = YES;
				GCC_WARN_UNINITIALIZED_AUTOS = YES_AGGRESSIVE;
				GCC_WARN_UNUSED_FUNCTION = YES;
				GCC_WARN_UNUSED_VARIABLE = YES;
				IPHONEOS_DEPLOYMENT_TARGET = 11.3;
				MTL_ENABLE_DEBUG_INFO = YES;
				ONLY_ACTIVE_ARCH = YES;
				SDKROOT = iphoneos;
				SWIFT_ACTIVE_COMPILATION_CONDITIONS = DEBUG;
				SWIFT_OPTIMIZATION_LEVEL = "-Onone";
			};
			name = Debug;
		};
		CA6F72D920975D2D00D08036 /* Release */ = {
			isa = XCBuildConfiguration;
			buildSettings = {
				ALWAYS_SEARCH_USER_PATHS = NO;
				CLANG_ANALYZER_NONNULL = YES;
				CLANG_ANALYZER_NUMBER_OBJECT_CONVERSION = YES_AGGRESSIVE;
				CLANG_CXX_LANGUAGE_STANDARD = "gnu++14";
				CLANG_CXX_LIBRARY = "libc++";
				CLANG_ENABLE_MODULES = YES;
				CLANG_ENABLE_OBJC_ARC = YES;
				CLANG_ENABLE_OBJC_WEAK = YES;
				CLANG_WARN_BLOCK_CAPTURE_AUTORELEASING = YES;
				CLANG_WARN_BOOL_CONVERSION = YES;
				CLANG_WARN_COMMA = YES;
				CLANG_WARN_CONSTANT_CONVERSION = YES;
				CLANG_WARN_DEPRECATED_OBJC_IMPLEMENTATIONS = YES;
				CLANG_WARN_DIRECT_OBJC_ISA_USAGE = YES_ERROR;
				CLANG_WARN_DOCUMENTATION_COMMENTS = YES;
				CLANG_WARN_EMPTY_BODY = YES;
				CLANG_WARN_ENUM_CONVERSION = YES;
				CLANG_WARN_INFINITE_RECURSION = YES;
				CLANG_WARN_INT_CONVERSION = YES;
				CLANG_WARN_NON_LITERAL_NULL_CONVERSION = YES;
				CLANG_WARN_OBJC_IMPLICIT_RETAIN_SELF = YES;
				CLANG_WARN_OBJC_LITERAL_CONVERSION = YES;
				CLANG_WARN_OBJC_ROOT_CLASS = YES_ERROR;
				CLANG_WARN_RANGE_LOOP_ANALYSIS = YES;
				CLANG_WARN_STRICT_PROTOTYPES = YES;
				CLANG_WARN_SUSPICIOUS_MOVE = YES;
				CLANG_WARN_UNGUARDED_AVAILABILITY = YES_AGGRESSIVE;
				CLANG_WARN_UNREACHABLE_CODE = YES;
				CLANG_WARN__DUPLICATE_METHOD_MATCH = YES;
				CODE_SIGN_IDENTITY = "iPhone Developer";
				COPY_PHASE_STRIP = NO;
				DEBUG_INFORMATION_FORMAT = "dwarf-with-dsym";
				ENABLE_NS_ASSERTIONS = NO;
				ENABLE_STRICT_OBJC_MSGSEND = YES;
				GCC_C_LANGUAGE_STANDARD = gnu11;
				GCC_NO_COMMON_BLOCKS = YES;
				GCC_WARN_64_TO_32_BIT_CONVERSION = YES;
				GCC_WARN_ABOUT_RETURN_TYPE = YES_ERROR;
				GCC_WARN_UNDECLARED_SELECTOR = YES;
				GCC_WARN_UNINITIALIZED_AUTOS = YES_AGGRESSIVE;
				GCC_WARN_UNUSED_FUNCTION = YES;
				GCC_WARN_UNUSED_VARIABLE = YES;
				IPHONEOS_DEPLOYMENT_TARGET = 11.3;
				MTL_ENABLE_DEBUG_INFO = NO;
				SDKROOT = iphoneos;
				SWIFT_COMPILATION_MODE = wholemodule;
				SWIFT_OPTIMIZATION_LEVEL = "-O";
				VALIDATE_PRODUCT = YES;
			};
			name = Release;
		};
		CA6F72DB20975D2D00D08036 /* Debug */ = {
			isa = XCBuildConfiguration;
			buildSettings = {
				ASSETCATALOG_COMPILER_APPICON_NAME = AppIcon;
				CODE_SIGN_STYLE = Automatic;
				DEVELOPMENT_TEAM = PZH5BJLYFE;
				INFOPLIST_FILE = VirtualTourist/Info.plist;
				LD_RUNPATH_SEARCH_PATHS = (
					"$(inherited)",
					"@executable_path/Frameworks",
				);
				PRODUCT_BUNDLE_IDENTIFIER = simone.barbara.example.com.VirtualTourist;
				PRODUCT_NAME = "$(TARGET_NAME)";
				SWIFT_VERSION = 4.0;
				TARGETED_DEVICE_FAMILY = "1,2";
			};
			name = Debug;
		};
		CA6F72DC20975D2D00D08036 /* Release */ = {
			isa = XCBuildConfiguration;
			buildSettings = {
				ASSETCATALOG_COMPILER_APPICON_NAME = AppIcon;
				CODE_SIGN_STYLE = Automatic;
				DEVELOPMENT_TEAM = PZH5BJLYFE;
				INFOPLIST_FILE = VirtualTourist/Info.plist;
				LD_RUNPATH_SEARCH_PATHS = (
					"$(inherited)",
					"@executable_path/Frameworks",
				);
				PRODUCT_BUNDLE_IDENTIFIER = simone.barbara.example.com.VirtualTourist;
				PRODUCT_NAME = "$(TARGET_NAME)";
				SWIFT_VERSION = 4.0;
				TARGETED_DEVICE_FAMILY = "1,2";
			};
			name = Release;
		};
		CA6F72DE20975D2D00D08036 /* Debug */ = {
			isa = XCBuildConfiguration;
			buildSettings = {
				ALWAYS_EMBED_SWIFT_STANDARD_LIBRARIES = YES;
				BUNDLE_LOADER = "$(TEST_HOST)";
				CODE_SIGN_STYLE = Automatic;
				DEVELOPMENT_TEAM = PZH5BJLYFE;
				INFOPLIST_FILE = VirtualTouristTests/Info.plist;
				LD_RUNPATH_SEARCH_PATHS = (
					"$(inherited)",
					"@executable_path/Frameworks",
					"@loader_path/Frameworks",
				);
				PRODUCT_BUNDLE_IDENTIFIER = simone.barbara.example.com.VirtualTouristTests;
				PRODUCT_NAME = "$(TARGET_NAME)";
				SWIFT_VERSION = 4.0;
				TARGETED_DEVICE_FAMILY = "1,2";
				TEST_HOST = "$(BUILT_PRODUCTS_DIR)/VirtualTourist.app/VirtualTourist";
			};
			name = Debug;
		};
		CA6F72DF20975D2D00D08036 /* Release */ = {
			isa = XCBuildConfiguration;
			buildSettings = {
				ALWAYS_EMBED_SWIFT_STANDARD_LIBRARIES = YES;
				BUNDLE_LOADER = "$(TEST_HOST)";
				CODE_SIGN_STYLE = Automatic;
				DEVELOPMENT_TEAM = PZH5BJLYFE;
				INFOPLIST_FILE = VirtualTouristTests/Info.plist;
				LD_RUNPATH_SEARCH_PATHS = (
					"$(inherited)",
					"@executable_path/Frameworks",
					"@loader_path/Frameworks",
				);
				PRODUCT_BUNDLE_IDENTIFIER = simone.barbara.example.com.VirtualTouristTests;
				PRODUCT_NAME = "$(TARGET_NAME)";
				SWIFT_VERSION = 4.0;
				TARGETED_DEVICE_FAMILY = "1,2";
				TEST_HOST = "$(BUILT_PRODUCTS_DIR)/VirtualTourist.app/VirtualTourist";
			};
			name = Release;
		};
		CA6F72E120975D2D00D08036 /* Debug */ = {
			isa = XCBuildConfiguration;
			buildSettings = {
				ALWAYS_EMBED_SWIFT_STANDARD_LIBRARIES = YES;
				CODE_SIGN_STYLE = Automatic;
				DEVELOPMENT_TEAM = PZH5BJLYFE;
				INFOPLIST_FILE = VirtualTouristUITests/Info.plist;
				LD_RUNPATH_SEARCH_PATHS = (
					"$(inherited)",
					"@executable_path/Frameworks",
					"@loader_path/Frameworks",
				);
				PRODUCT_BUNDLE_IDENTIFIER = simone.barbara.example.com.VirtualTouristUITests;
				PRODUCT_NAME = "$(TARGET_NAME)";
				SWIFT_VERSION = 4.0;
				TARGETED_DEVICE_FAMILY = "1,2";
				TEST_TARGET_NAME = VirtualTourist;
			};
			name = Debug;
		};
		CA6F72E220975D2D00D08036 /* Release */ = {
			isa = XCBuildConfiguration;
			buildSettings = {
				ALWAYS_EMBED_SWIFT_STANDARD_LIBRARIES = YES;
				CODE_SIGN_STYLE = Automatic;
				DEVELOPMENT_TEAM = PZH5BJLYFE;
				INFOPLIST_FILE = VirtualTouristUITests/Info.plist;
				LD_RUNPATH_SEARCH_PATHS = (
					"$(inherited)",
					"@executable_path/Frameworks",
					"@loader_path/Frameworks",
				);
				PRODUCT_BUNDLE_IDENTIFIER = simone.barbara.example.com.VirtualTouristUITests;
				PRODUCT_NAME = "$(TARGET_NAME)";
				SWIFT_VERSION = 4.0;
				TARGETED_DEVICE_FAMILY = "1,2";
				TEST_TARGET_NAME = VirtualTourist;
			};
			name = Release;
		};
/* End XCBuildConfiguration section */

/* Begin XCConfigurationList section */
		CA6F72AD20975D2B00D08036 /* Build configuration list for PBXProject "VirtualTourist" */ = {
			isa = XCConfigurationList;
			buildConfigurations = (
				CA6F72D820975D2D00D08036 /* Debug */,
				CA6F72D920975D2D00D08036 /* Release */,
			);
			defaultConfigurationIsVisible = 0;
			defaultConfigurationName = Release;
		};
		CA6F72DA20975D2D00D08036 /* Build configuration list for PBXNativeTarget "VirtualTourist" */ = {
			isa = XCConfigurationList;
			buildConfigurations = (
				CA6F72DB20975D2D00D08036 /* Debug */,
				CA6F72DC20975D2D00D08036 /* Release */,
			);
			defaultConfigurationIsVisible = 0;
			defaultConfigurationName = Release;
		};
		CA6F72DD20975D2D00D08036 /* Build configuration list for PBXNativeTarget "VirtualTouristTests" */ = {
			isa = XCConfigurationList;
			buildConfigurations = (
				CA6F72DE20975D2D00D08036 /* Debug */,
				CA6F72DF20975D2D00D08036 /* Release */,
			);
			defaultConfigurationIsVisible = 0;
			defaultConfigurationName = Release;
		};
		CA6F72E020975D2D00D08036 /* Build configuration list for PBXNativeTarget "VirtualTouristUITests" */ = {
			isa = XCConfigurationList;
			buildConfigurations = (
				CA6F72E120975D2D00D08036 /* Debug */,
				CA6F72E220975D2D00D08036 /* Release */,
			);
			defaultConfigurationIsVisible = 0;
			defaultConfigurationName = Release;
		};
/* End XCConfigurationList section */

/* Begin XCVersionGroup section */
		CACC99F8209F322600BFFA26 /* Locations.xcdatamodeld */ = {
			isa = XCVersionGroup;
			children = (
				CACC99F9209F322600BFFA26 /* Locations.xcdatamodel */,
			);
			currentVersion = CACC99F9209F322600BFFA26 /* Locations.xcdatamodel */;
			path = Locations.xcdatamodeld;
			sourceTree = "<group>";
			versionGroupType = wrapper.xcdatamodel;
		};
/* End XCVersionGroup section */
	};
	rootObject = CA6F72AA20975D2B00D08036 /* Project object */;
}
